
Microsoft Visual Studio Solution File, Format Version 12.00
# Visual Studio Version 17
VisualStudioVersion = 17.0.31903.59
MinimumVisualStudioVersion = 10.0.40219.1
Project("{FAE04EC0-301F-11D3-BF4B-00C04F79EFBC}") = "ERP.Host", "src\ERP.Host\ERP.Host.csproj", "{A1B2C3D4-E5F6-7890-ABCD-EF1234567890}"
EndProject
Project("{FAE04EC0-301F-11D3-BF4B-00C04F79EFBC}") = "ERP.Shared", "src\ERP.Shared\ERP.Shared.csproj", "{B2C3D4E5-F6A7-8901-BCDE-F12345678901}"
EndProject
Project("{FAE04EC0-301F-11D3-BF4B-00C04F79EFBC}") = "ERP.Tenants", "src\Modules\ERP.Tenants\ERP.Tenants.csproj", "{C3D4E5F6-A7B8-9012-CDEF-123456789012}"
EndProject
Project("{FAE04EC0-301F-11D3-BF4B-00C04F79EFBC}") = "ERP.Auth", "src\Modules\ERP.Auth\ERP.Auth.csproj", "{D4E5F6A7-B8C9-0123-DEF0-234567890123}"
EndProject
Project("{FAE04EC0-301F-11D3-BF4B-00C04F79EFBC}") = "ERP.RBAC", "src\Modules\ERP.RBAC\ERP.RBAC.csproj", "{E5F6A7B8-C9D0-1234-EF01-345678901234}"
EndProject
Project("{FAE04EC0-301F-11D3-BF4B-00C04F79EFBC}") = "ERP.Users", "src\Modules\ERP.Users\ERP.Users.csproj", "{F6A7B8C9-D0E1-2345-F012-456789012345}"
EndProject
Project("{FAE04EC0-301F-11D3-BF4B-00C04F79EFBC}") = "ERP.Admissions", "src\Modules\ERP.Admissions\ERP.Admissions.csproj", "{1A2B3C4D-5E6F-7890-ABCD-EF0123456789}"
EndProject
Project("{FAE04EC0-301F-11D3-BF4B-00C04F79EFBC}") = "ERP.SIS", "src\Modules\ERP.SIS\ERP.SIS.csproj", "{2B3C4D5E-6F7A-8901-BCDE-F01234567890}"
EndProject
Project("{FAE04EC0-301F-11D3-BF4B-00C04F79EFBC}") = "ERP.Academics", "src\Modules\ERP.Academics\ERP.Academics.csproj", "{3C4D5E6F-7A8B-9012-CDEF-012345678901}"
EndProject
Project("{FAE04EC0-301F-11D3-BF4B-00C04F79EFBC}") = "ERP.Timetable", "src\Modules\ERP.Timetable\ERP.Timetable.csproj", "{4D5E6F7A-8B9C-0123-DEF0-123456789012}"
EndProject
Project("{FAE04EC0-301F-11D3-BF4B-00C04F79EFBC}") = "ERP.Attendance", "src\Modules\ERP.Attendance\ERP.Attendance.csproj", "{5E6F7A8B-9C0D-1234-EF01-234567890123}"
EndProject
Project("{FAE04EC0-301F-11D3-BF4B-00C04F79EFBC}") = "ERP.Exams", "src\Modules\ERP.Exams\ERP.Exams.csproj", "{6F7A8B9C-0D1E-2345-F012-345678901234}"
EndProject
Project("{FAE04EC0-301F-11D3-BF4B-00C04F79EFBC}") = "ERP.ArchTests", "tests\ERP.ArchTests\ERP.ArchTests.csproj", "{A7B8C9D0-E1F2-3456-0123-567890123456}"
EndProject
Project("{FAE04EC0-301F-11D3-BF4B-00C04F79EFBC}") = "ERP.UnitTests", "tests\ERP.UnitTests\ERP.UnitTests.csproj", "{B8C9D0E1-F2A3-4567-1234-678901234567}"
EndProject
Project("{FAE04EC0-301F-11D3-BF4B-00C04F79EFBC}") = "ERP.IntegrationTests", "tests\ERP.IntegrationTests\ERP.IntegrationTests.csproj", "{C9D0E1F2-A3B4-5678-2345-789012345678}"
EndProject
Project("{2150E333-8FDC-42A3-9474-1A3956D46DE8}") = "src", "src", "{D0E1F2A3-B4C5-6789-3456-890123456789}"
EndProject
Project("{2150E333-8FDC-42A3-9474-1A3956D46DE8}") = "tests", "tests", "{E1F2A3B4-C5D6-7890-4567-901234567890}"
EndProject
Project("{2150E333-8FDC-42A3-9474-1A3956D46DE8}") = "Modules", "Modules", "{F2A3B4C5-D6E7-8901-5678-012345678901}"
EndProject
Project("{FAE04EC0-301F-11D3-BF4B-00C04F79EFBC}") = "ERP.LMS", "src\Modules\ERP.LMS\ERP.LMS.csproj", "{DF0028AC-076F-45A0-8029-5D6C0D6DDCBB}"
EndProject
Project("{FAE04EC0-301F-11D3-BF4B-00C04F79EFBC}") = "ERP.Fees", "src\Modules\ERP.Fees\ERP.Fees.csproj", "{EA31B2F1-C3D4-4E56-89AB-CDEF01234567}"
EndProject
Project("{FAE04EC0-301F-11D3-BF4B-00C04F79EFBC}") = "ERP.Finance", "src\Modules\ERP.Finance\ERP.Finance.csproj", "{FB42C3D4-E5F6-4A57-9ABC-DEF012345678}"
EndProject
Project("{FAE04EC0-301F-11D3-BF4B-00C04F79EFBC}") = "ERP.HRMS", "src\Modules\ERP.HRMS\ERP.HRMS.csproj", "{AC53D4E5-F6A7-4B58-9BCD-EF0123456789}"
EndProject
Project("{FAE04EC0-301F-11D3-BF4B-00C04F79EFBC}") = "ERP.Library", "src\Modules\ERP.Library\ERP.Library.csproj", "{BD64E6F7-A8B9-4C69-9CDE-F01234567890}"
EndProject
Project("{FAE04EC0-301F-11D3-BF4B-00C04F79EFBC}") = "ERP.Hostel", "src\Modules\ERP.Hostel\ERP.Hostel.csproj", "{CE75F7A8-B9CA-4D7A-ADEF-012345678901}"
EndProject
Project("{FAE04EC0-301F-11D3-BF4B-00C04F79EFBC}") = "ERP.Transport", "src\Modules\ERP.Transport\ERP.Transport.csproj", "{04E2527C-D27F-448D-9EDA-6FA7192084F5}"
EndProject
Project("{FAE04EC0-301F-11D3-BF4B-00C04F79EFBC}") = "ERP.Placement", "src\Modules\ERP.Placement\ERP.Placement.csproj", "{57E4C101-074C-4542-8273-684E8106CCF4}"
EndProject
Project("{FAE04EC0-301F-11D3-BF4B-00C04F79EFBC}") = "ERP.Accreditation", "src\Modules\ERP.Accreditation\ERP.Accreditation.csproj", "{A8B9C0D1-E2F3-4567-8901-234567890ABC}"
EndProject
Project("{FAE04EC0-301F-11D3-BF4B-00C04F79EFBC}") = "ERP.NAAC", "src\Modules\ERP.NAAC\ERP.NAAC.csproj", "{B9C0D1E2-F3A4-5678-9012-345678901BCD}"
EndProject
Project("{FAE04EC0-301F-11D3-BF4B-00C04F79EFBC}") = "ERP.OBE", "src\Modules\ERP.OBE\ERP.OBE.csproj", "{CA1B2C3D-4E5F-6789-0ABC-DEF012345678}"
EndProject
Project("{FAE04EC0-301F-11D3-BF4B-00C04F79EFBC}") = "ERP.NIRF", "src\Modules\ERP.NIRF\ERP.NIRF.csproj", "{DB2C3D4E-5F6A-7890-1BCD-EF0123456789}"
EndProject
Project("{FAE04EC0-301F-11D3-BF4B-00C04F79EFBC}") = "ERP.Compliance", "src\Modules\ERP.Compliance\ERP.Compliance.csproj", "{EC3D4E5F-6A7B-8901-2CDE-F01234567890}"
EndProject
Project("{FAE04EC0-301F-11D3-BF4B-00C04F79EFBC}") = "ERP.ABC", "src\Modules\ERP.ABC\ERP.ABC.csproj", "{FD4E5F60-7B8C-9012-3DEF-012345678901}"
EndProject
Project("{FAE04EC0-301F-11D3-BF4B-00C04F79EFBC}") = "ERP.Research", "src\Modules\ERP.Research\ERP.Research.csproj", "{AE5F6071-8C9D-0123-4EF0-123456789012}"
EndProject
Project("{FAE04EC0-301F-11D3-BF4B-00C04F79EFBC}") = "ERP.Alumni", "src\Modules\ERP.Alumni\ERP.Alumni.csproj", "{BF607182-9DAE-1234-5F01-234567890123}"
EndProject
Project("{FAE04EC0-301F-11D3-BF4B-00C04F79EFBC}") = "ERP.Chatbot", "src\Modules\ERP.Chatbot\ERP.Chatbot.csproj", "{CF718293-AEBF-2345-6012-345678901234}"
EndProject
Project("{FAE04EC0-301F-11D3-BF4B-00C04F79EFBC}") = "ERP.Analytics", "src\Modules\ERP.Analytics\ERP.Analytics.csproj", "{D07193A4-BFC0-2456-7123-456789012345}"
EndProject
Project("{FAE04EC0-301F-11D3-BF4B-00C04F79EFBC}") = "ERP.MobileApi", "src\Modules\ERP.MobileApi\ERP.MobileApi.csproj", "{E18204B5-C0D1-3567-8234-567890123456}"
EndProject
Project("{FAE04EC0-301F-11D3-BF4B-00C04F79EFBC}") = "ERP.Reporting", "src\Modules\ERP.Reporting\ERP.Reporting.csproj", "{F29315C6-D1E2-4678-9345-678901234567}"
EndProject
Global
	GlobalSection(SolutionConfigurationPlatforms) = preSolution
		Debug|Any CPU = Debug|Any CPU
		Debug|x64 = Debug|x64
		Debug|x86 = Debug|x86
		Release|Any CPU = Release|Any CPU
		Release|x64 = Release|x64
		Release|x86 = Release|x86
	EndGlobalSection
	GlobalSection(ProjectConfigurationPlatforms) = postSolution
		{A1B2C3D4-E5F6-7890-ABCD-EF1234567890}.Debug|Any CPU.ActiveCfg = Debug|Any CPU
		{A1B2C3D4-E5F6-7890-ABCD-EF1234567890}.Debug|Any CPU.Build.0 = Debug|Any CPU
		{A1B2C3D4-E5F6-7890-ABCD-EF1234567890}.Debug|x64.ActiveCfg = Debug|Any CPU
		{A1B2C3D4-E5F6-7890-ABCD-EF1234567890}.Debug|x64.Build.0 = Debug|Any CPU
		{A1B2C3D4-E5F6-7890-ABCD-EF1234567890}.Debug|x86.ActiveCfg = Debug|Any CPU
		{A1B2C3D4-E5F6-7890-ABCD-EF1234567890}.Debug|x86.Build.0 = Debug|Any CPU
		{A1B2C3D4-E5F6-7890-ABCD-EF1234567890}.Release|Any CPU.ActiveCfg = Release|Any CPU
		{A1B2C3D4-E5F6-7890-ABCD-EF1234567890}.Release|Any CPU.Build.0 = Release|Any CPU
		{A1B2C3D4-E5F6-7890-ABCD-EF1234567890}.Release|x64.ActiveCfg = Release|Any CPU
		{A1B2C3D4-E5F6-7890-ABCD-EF1234567890}.Release|x64.Build.0 = Release|Any CPU
		{A1B2C3D4-E5F6-7890-ABCD-EF1234567890}.Release|x86.ActiveCfg = Release|Any CPU
		{A1B2C3D4-E5F6-7890-ABCD-EF1234567890}.Release|x86.Build.0 = Release|Any CPU
		{B2C3D4E5-F6A7-8901-BCDE-F12345678901}.Debug|Any CPU.ActiveCfg = Debug|Any CPU
		{B2C3D4E5-F6A7-8901-BCDE-F12345678901}.Debug|Any CPU.Build.0 = Debug|Any CPU
		{B2C3D4E5-F6A7-8901-BCDE-F12345678901}.Debug|x64.ActiveCfg = Debug|Any CPU
		{B2C3D4E5-F6A7-8901-BCDE-F12345678901}.Debug|x64.Build.0 = Debug|Any CPU
		{B2C3D4E5-F6A7-8901-BCDE-F12345678901}.Debug|x86.ActiveCfg = Debug|Any CPU
		{B2C3D4E5-F6A7-8901-BCDE-F12345678901}.Debug|x86.Build.0 = Debug|Any CPU
		{B2C3D4E5-F6A7-8901-BCDE-F12345678901}.Release|Any CPU.ActiveCfg = Release|Any CPU
		{B2C3D4E5-F6A7-8901-BCDE-F12345678901}.Release|Any CPU.Build.0 = Release|Any CPU
		{B2C3D4E5-F6A7-8901-BCDE-F12345678901}.Release|x64.ActiveCfg = Release|Any CPU
		{B2C3D4E5-F6A7-8901-BCDE-F12345678901}.Release|x64.Build.0 = Release|Any CPU
		{B2C3D4E5-F6A7-8901-BCDE-F12345678901}.Release|x86.ActiveCfg = Release|Any CPU
		{B2C3D4E5-F6A7-8901-BCDE-F12345678901}.Release|x86.Build.0 = Release|Any CPU
		{C3D4E5F6-A7B8-9012-CDEF-123456789012}.Debug|Any CPU.ActiveCfg = Debug|Any CPU
		{C3D4E5F6-A7B8-9012-CDEF-123456789012}.Debug|Any CPU.Build.0 = Debug|Any CPU
		{C3D4E5F6-A7B8-9012-CDEF-123456789012}.Debug|x64.ActiveCfg = Debug|Any CPU
		{C3D4E5F6-A7B8-9012-CDEF-123456789012}.Debug|x64.Build.0 = Debug|Any CPU
		{C3D4E5F6-A7B8-9012-CDEF-123456789012}.Debug|x86.ActiveCfg = Debug|Any CPU
		{C3D4E5F6-A7B8-9012-CDEF-123456789012}.Debug|x86.Build.0 = Debug|Any CPU
		{C3D4E5F6-A7B8-9012-CDEF-123456789012}.Release|Any CPU.ActiveCfg = Release|Any CPU
		{C3D4E5F6-A7B8-9012-CDEF-123456789012}.Release|Any CPU.Build.0 = Release|Any CPU
		{C3D4E5F6-A7B8-9012-CDEF-123456789012}.Release|x64.ActiveCfg = Release|Any CPU
		{C3D4E5F6-A7B8-9012-CDEF-123456789012}.Release|x64.Build.0 = Release|Any CPU
		{C3D4E5F6-A7B8-9012-CDEF-123456789012}.Release|x86.ActiveCfg = Release|Any CPU
		{C3D4E5F6-A7B8-9012-CDEF-123456789012}.Release|x86.Build.0 = Release|Any CPU
		{D4E5F6A7-B8C9-0123-DEF0-234567890123}.Debug|Any CPU.ActiveCfg = Debug|Any CPU
		{D4E5F6A7-B8C9-0123-DEF0-234567890123}.Debug|Any CPU.Build.0 = Debug|Any CPU
		{D4E5F6A7-B8C9-0123-DEF0-234567890123}.Debug|x64.ActiveCfg = Debug|Any CPU
		{D4E5F6A7-B8C9-0123-DEF0-234567890123}.Debug|x64.Build.0 = Debug|Any CPU
		{D4E5F6A7-B8C9-0123-DEF0-234567890123}.Debug|x86.ActiveCfg = Debug|Any CPU
		{D4E5F6A7-B8C9-0123-DEF0-234567890123}.Debug|x86.Build.0 = Debug|Any CPU
		{D4E5F6A7-B8C9-0123-DEF0-234567890123}.Release|Any CPU.ActiveCfg = Release|Any CPU
		{D4E5F6A7-B8C9-0123-DEF0-234567890123}.Release|Any CPU.Build.0 = Release|Any CPU
		{D4E5F6A7-B8C9-0123-DEF0-234567890123}.Release|x64.ActiveCfg = Release|Any CPU
		{D4E5F6A7-B8C9-0123-DEF0-234567890123}.Release|x64.Build.0 = Release|Any CPU
		{D4E5F6A7-B8C9-0123-DEF0-234567890123}.Release|x86.ActiveCfg = Release|Any CPU
		{D4E5F6A7-B8C9-0123-DEF0-234567890123}.Release|x86.Build.0 = Release|Any CPU
		{E5F6A7B8-C9D0-1234-EF01-345678901234}.Debug|Any CPU.ActiveCfg = Debug|Any CPU
		{E5F6A7B8-C9D0-1234-EF01-345678901234}.Debug|Any CPU.Build.0 = Debug|Any CPU
		{E5F6A7B8-C9D0-1234-EF01-345678901234}.Debug|x64.ActiveCfg = Debug|Any CPU
		{E5F6A7B8-C9D0-1234-EF01-345678901234}.Debug|x64.Build.0 = Debug|Any CPU
		{E5F6A7B8-C9D0-1234-EF01-345678901234}.Debug|x86.ActiveCfg = Debug|Any CPU
		{E5F6A7B8-C9D0-1234-EF01-345678901234}.Debug|x86.Build.0 = Debug|Any CPU
		{E5F6A7B8-C9D0-1234-EF01-345678901234}.Release|Any CPU.ActiveCfg = Release|Any CPU
		{E5F6A7B8-C9D0-1234-EF01-345678901234}.Release|Any CPU.Build.0 = Release|Any CPU
		{E5F6A7B8-C9D0-1234-EF01-345678901234}.Release|x64.ActiveCfg = Release|Any CPU
		{E5F6A7B8-C9D0-1234-EF01-345678901234}.Release|x64.Build.0 = Release|Any CPU
		{E5F6A7B8-C9D0-1234-EF01-345678901234}.Release|x86.ActiveCfg = Release|Any CPU
		{E5F6A7B8-C9D0-1234-EF01-345678901234}.Release|x86.Build.0 = Release|Any CPU
		{F6A7B8C9-D0E1-2345-F012-456789012345}.Debug|Any CPU.ActiveCfg = Debug|Any CPU
		{F6A7B8C9-D0E1-2345-F012-456789012345}.Debug|Any CPU.Build.0 = Debug|Any CPU
		{F6A7B8C9-D0E1-2345-F012-456789012345}.Debug|x64.ActiveCfg = Debug|Any CPU
		{F6A7B8C9-D0E1-2345-F012-456789012345}.Debug|x64.Build.0 = Debug|Any CPU
		{F6A7B8C9-D0E1-2345-F012-456789012345}.Debug|x86.ActiveCfg = Debug|Any CPU
		{F6A7B8C9-D0E1-2345-F012-456789012345}.Debug|x86.Build.0 = Debug|Any CPU
		{F6A7B8C9-D0E1-2345-F012-456789012345}.Release|Any CPU.ActiveCfg = Release|Any CPU
		{F6A7B8C9-D0E1-2345-F012-456789012345}.Release|Any CPU.Build.0 = Release|Any CPU
		{F6A7B8C9-D0E1-2345-F012-456789012345}.Release|x64.ActiveCfg = Release|Any CPU
		{F6A7B8C9-D0E1-2345-F012-456789012345}.Release|x64.Build.0 = Release|Any CPU
		{F6A7B8C9-D0E1-2345-F012-456789012345}.Release|x86.ActiveCfg = Release|Any CPU
		{F6A7B8C9-D0E1-2345-F012-456789012345}.Release|x86.Build.0 = Release|Any CPU
		{1A2B3C4D-5E6F-7890-ABCD-EF0123456789}.Debug|Any CPU.ActiveCfg = Debug|Any CPU
		{1A2B3C4D-5E6F-7890-ABCD-EF0123456789}.Debug|Any CPU.Build.0 = Debug|Any CPU
		{1A2B3C4D-5E6F-7890-ABCD-EF0123456789}.Debug|x64.ActiveCfg = Debug|Any CPU
		{1A2B3C4D-5E6F-7890-ABCD-EF0123456789}.Debug|x64.Build.0 = Debug|Any CPU
		{1A2B3C4D-5E6F-7890-ABCD-EF0123456789}.Debug|x86.ActiveCfg = Debug|Any CPU
		{1A2B3C4D-5E6F-7890-ABCD-EF0123456789}.Debug|x86.Build.0 = Debug|Any CPU
		{1A2B3C4D-5E6F-7890-ABCD-EF0123456789}.Release|Any CPU.ActiveCfg = Release|Any CPU
		{1A2B3C4D-5E6F-7890-ABCD-EF0123456789}.Release|Any CPU.Build.0 = Release|Any CPU
		{1A2B3C4D-5E6F-7890-ABCD-EF0123456789}.Release|x64.ActiveCfg = Release|Any CPU
		{1A2B3C4D-5E6F-7890-ABCD-EF0123456789}.Release|x64.Build.0 = Release|Any CPU
		{1A2B3C4D-5E6F-7890-ABCD-EF0123456789}.Release|x86.ActiveCfg = Release|Any CPU
		{1A2B3C4D-5E6F-7890-ABCD-EF0123456789}.Release|x86.Build.0 = Release|Any CPU
		{2B3C4D5E-6F7A-8901-BCDE-F01234567890}.Debug|Any CPU.ActiveCfg = Debug|Any CPU
		{2B3C4D5E-6F7A-8901-BCDE-F01234567890}.Debug|Any CPU.Build.0 = Debug|Any CPU
		{2B3C4D5E-6F7A-8901-BCDE-F01234567890}.Debug|x64.ActiveCfg = Debug|Any CPU
		{2B3C4D5E-6F7A-8901-BCDE-F01234567890}.Debug|x64.Build.0 = Debug|Any CPU
		{2B3C4D5E-6F7A-8901-BCDE-F01234567890}.Debug|x86.ActiveCfg = Debug|Any CPU
		{2B3C4D5E-6F7A-8901-BCDE-F01234567890}.Debug|x86.Build.0 = Debug|Any CPU
		{2B3C4D5E-6F7A-8901-BCDE-F01234567890}.Release|Any CPU.ActiveCfg = Release|Any CPU
		{2B3C4D5E-6F7A-8901-BCDE-F01234567890}.Release|Any CPU.Build.0 = Release|Any CPU
		{2B3C4D5E-6F7A-8901-BCDE-F01234567890}.Release|x64.ActiveCfg = Release|Any CPU
		{2B3C4D5E-6F7A-8901-BCDE-F01234567890}.Release|x64.Build.0 = Release|Any CPU
		{2B3C4D5E-6F7A-8901-BCDE-F01234567890}.Release|x86.ActiveCfg = Release|Any CPU
		{2B3C4D5E-6F7A-8901-BCDE-F01234567890}.Release|x86.Build.0 = Release|Any CPU
		{3C4D5E6F-7A8B-9012-CDEF-012345678901}.Debug|Any CPU.ActiveCfg = Debug|Any CPU
		{3C4D5E6F-7A8B-9012-CDEF-012345678901}.Debug|Any CPU.Build.0 = Debug|Any CPU
		{3C4D5E6F-7A8B-9012-CDEF-012345678901}.Debug|x64.ActiveCfg = Debug|Any CPU
		{3C4D5E6F-7A8B-9012-CDEF-012345678901}.Debug|x64.Build.0 = Debug|Any CPU
		{3C4D5E6F-7A8B-9012-CDEF-012345678901}.Debug|x86.ActiveCfg = Debug|Any CPU
		{3C4D5E6F-7A8B-9012-CDEF-012345678901}.Debug|x86.Build.0 = Debug|Any CPU
		{3C4D5E6F-7A8B-9012-CDEF-012345678901}.Release|Any CPU.ActiveCfg = Release|Any CPU
		{3C4D5E6F-7A8B-9012-CDEF-012345678901}.Release|Any CPU.Build.0 = Release|Any CPU
		{3C4D5E6F-7A8B-9012-CDEF-012345678901}.Release|x64.ActiveCfg = Release|Any CPU
		{3C4D5E6F-7A8B-9012-CDEF-012345678901}.Release|x64.Build.0 = Release|Any CPU
		{3C4D5E6F-7A8B-9012-CDEF-012345678901}.Release|x86.ActiveCfg = Release|Any CPU
		{3C4D5E6F-7A8B-9012-CDEF-012345678901}.Release|x86.Build.0 = Release|Any CPU
		{4D5E6F7A-8B9C-0123-DEF0-123456789012}.Debug|Any CPU.ActiveCfg = Debug|Any CPU
		{4D5E6F7A-8B9C-0123-DEF0-123456789012}.Debug|Any CPU.Build.0 = Debug|Any CPU
		{4D5E6F7A-8B9C-0123-DEF0-123456789012}.Debug|x64.ActiveCfg = Debug|Any CPU
		{4D5E6F7A-8B9C-0123-DEF0-123456789012}.Debug|x64.Build.0 = Debug|Any CPU
		{4D5E6F7A-8B9C-0123-DEF0-123456789012}.Debug|x86.ActiveCfg = Debug|Any CPU
		{4D5E6F7A-8B9C-0123-DEF0-123456789012}.Debug|x86.Build.0 = Debug|Any CPU
		{4D5E6F7A-8B9C-0123-DEF0-123456789012}.Release|Any CPU.ActiveCfg = Release|Any CPU
		{4D5E6F7A-8B9C-0123-DEF0-123456789012}.Release|Any CPU.Build.0 = Release|Any CPU
		{4D5E6F7A-8B9C-0123-DEF0-123456789012}.Release|x64.ActiveCfg = Release|Any CPU
		{4D5E6F7A-8B9C-0123-DEF0-123456789012}.Release|x64.Build.0 = Release|Any CPU
		{4D5E6F7A-8B9C-0123-DEF0-123456789012}.Release|x86.ActiveCfg = Release|Any CPU
		{4D5E6F7A-8B9C-0123-DEF0-123456789012}.Release|x86.Build.0 = Release|Any CPU
		{5E6F7A8B-9C0D-1234-EF01-234567890123}.Debug|Any CPU.ActiveCfg = Debug|Any CPU
		{5E6F7A8B-9C0D-1234-EF01-234567890123}.Debug|Any CPU.Build.0 = Debug|Any CPU
		{5E6F7A8B-9C0D-1234-EF01-234567890123}.Debug|x64.ActiveCfg = Debug|Any CPU
		{5E6F7A8B-9C0D-1234-EF01-234567890123}.Debug|x64.Build.0 = Debug|Any CPU
		{5E6F7A8B-9C0D-1234-EF01-234567890123}.Debug|x86.ActiveCfg = Debug|Any CPU
		{5E6F7A8B-9C0D-1234-EF01-234567890123}.Debug|x86.Build.0 = Debug|Any CPU
		{5E6F7A8B-9C0D-1234-EF01-234567890123}.Release|Any CPU.ActiveCfg = Release|Any CPU
		{5E6F7A8B-9C0D-1234-EF01-234567890123}.Release|Any CPU.Build.0 = Release|Any CPU
		{5E6F7A8B-9C0D-1234-EF01-234567890123}.Release|x64.ActiveCfg = Release|Any CPU
		{5E6F7A8B-9C0D-1234-EF01-234567890123}.Release|x64.Build.0 = Release|Any CPU
		{5E6F7A8B-9C0D-1234-EF01-234567890123}.Release|x86.ActiveCfg = Release|Any CPU
		{5E6F7A8B-9C0D-1234-EF01-234567890123}.Release|x86.Build.0 = Release|Any CPU
		{6F7A8B9C-0D1E-2345-F012-345678901234}.Debug|Any CPU.ActiveCfg = Debug|Any CPU
		{6F7A8B9C-0D1E-2345-F012-345678901234}.Debug|Any CPU.Build.0 = Debug|Any CPU
		{6F7A8B9C-0D1E-2345-F012-345678901234}.Debug|x64.ActiveCfg = Debug|Any CPU
		{6F7A8B9C-0D1E-2345-F012-345678901234}.Debug|x64.Build.0 = Debug|Any CPU
		{6F7A8B9C-0D1E-2345-F012-345678901234}.Debug|x86.ActiveCfg = Debug|Any CPU
		{6F7A8B9C-0D1E-2345-F012-345678901234}.Debug|x86.Build.0 = Debug|Any CPU
		{6F7A8B9C-0D1E-2345-F012-345678901234}.Release|Any CPU.ActiveCfg = Release|Any CPU
		{6F7A8B9C-0D1E-2345-F012-345678901234}.Release|Any CPU.Build.0 = Release|Any CPU
		{6F7A8B9C-0D1E-2345-F012-345678901234}.Release|x64.ActiveCfg = Release|Any CPU
		{6F7A8B9C-0D1E-2345-F012-345678901234}.Release|x64.Build.0 = Release|Any CPU
		{6F7A8B9C-0D1E-2345-F012-345678901234}.Release|x86.ActiveCfg = Release|Any CPU
		{6F7A8B9C-0D1E-2345-F012-345678901234}.Release|x86.Build.0 = Release|Any CPU
		{A7B8C9D0-E1F2-3456-0123-567890123456}.Debug|Any CPU.ActiveCfg = Debug|Any CPU
		{A7B8C9D0-E1F2-3456-0123-567890123456}.Debug|Any CPU.Build.0 = Debug|Any CPU
		{A7B8C9D0-E1F2-3456-0123-567890123456}.Debug|x64.ActiveCfg = Debug|Any CPU
		{A7B8C9D0-E1F2-3456-0123-567890123456}.Debug|x64.Build.0 = Debug|Any CPU
		{A7B8C9D0-E1F2-3456-0123-567890123456}.Debug|x86.ActiveCfg = Debug|Any CPU
		{A7B8C9D0-E1F2-3456-0123-567890123456}.Debug|x86.Build.0 = Debug|Any CPU
		{A7B8C9D0-E1F2-3456-0123-567890123456}.Release|Any CPU.ActiveCfg = Release|Any CPU
		{A7B8C9D0-E1F2-3456-0123-567890123456}.Release|Any CPU.Build.0 = Release|Any CPU
		{A7B8C9D0-E1F2-3456-0123-567890123456}.Release|x64.ActiveCfg = Release|Any CPU
		{A7B8C9D0-E1F2-3456-0123-567890123456}.Release|x64.Build.0 = Release|Any CPU
		{A7B8C9D0-E1F2-3456-0123-567890123456}.Release|x86.ActiveCfg = Release|Any CPU
		{A7B8C9D0-E1F2-3456-0123-567890123456}.Release|x86.Build.0 = Release|Any CPU
		{B8C9D0E1-F2A3-4567-1234-678901234567}.Debug|Any CPU.ActiveCfg = Debug|Any CPU
		{B8C9D0E1-F2A3-4567-1234-678901234567}.Debug|Any CPU.Build.0 = Debug|Any CPU
		{B8C9D0E1-F2A3-4567-1234-678901234567}.Debug|x64.ActiveCfg = Debug|Any CPU
		{B8C9D0E1-F2A3-4567-1234-678901234567}.Debug|x64.Build.0 = Debug|Any CPU
		{B8C9D0E1-F2A3-4567-1234-678901234567}.Debug|x86.ActiveCfg = Debug|Any CPU
		{B8C9D0E1-F2A3-4567-1234-678901234567}.Debug|x86.Build.0 = Debug|Any CPU
		{B8C9D0E1-F2A3-4567-1234-678901234567}.Release|Any CPU.ActiveCfg = Release|Any CPU
		{B8C9D0E1-F2A3-4567-1234-678901234567}.Release|Any CPU.Build.0 = Release|Any CPU
		{B8C9D0E1-F2A3-4567-1234-678901234567}.Release|x64.ActiveCfg = Release|Any CPU
		{B8C9D0E1-F2A3-4567-1234-678901234567}.Release|x64.Build.0 = Release|Any CPU
		{B8C9D0E1-F2A3-4567-1234-678901234567}.Release|x86.ActiveCfg = Release|Any CPU
		{B8C9D0E1-F2A3-4567-1234-678901234567}.Release|x86.Build.0 = Release|Any CPU
		{C9D0E1F2-A3B4-5678-2345-789012345678}.Debug|Any CPU.ActiveCfg = Debug|Any CPU
		{C9D0E1F2-A3B4-5678-2345-789012345678}.Debug|Any CPU.Build.0 = Debug|Any CPU
		{C9D0E1F2-A3B4-5678-2345-789012345678}.Debug|x64.ActiveCfg = Debug|Any CPU
		{C9D0E1F2-A3B4-5678-2345-789012345678}.Debug|x64.Build.0 = Debug|Any CPU
		{C9D0E1F2-A3B4-5678-2345-789012345678}.Debug|x86.ActiveCfg = Debug|Any CPU
		{C9D0E1F2-A3B4-5678-2345-789012345678}.Debug|x86.Build.0 = Debug|Any CPU
		{C9D0E1F2-A3B4-5678-2345-789012345678}.Release|Any CPU.ActiveCfg = Release|Any CPU
		{C9D0E1F2-A3B4-5678-2345-789012345678}.Release|Any CPU.Build.0 = Release|Any CPU
		{C9D0E1F2-A3B4-5678-2345-789012345678}.Release|x64.ActiveCfg = Release|Any CPU
		{C9D0E1F2-A3B4-5678-2345-789012345678}.Release|x64.Build.0 = Release|Any CPU
		{C9D0E1F2-A3B4-5678-2345-789012345678}.Release|x86.ActiveCfg = Release|Any CPU
		{C9D0E1F2-A3B4-5678-2345-789012345678}.Release|x86.Build.0 = Release|Any CPU
		{DF0028AC-076F-45A0-8029-5D6C0D6DDCBB}.Debug|Any CPU.ActiveCfg = Debug|Any CPU
		{DF0028AC-076F-45A0-8029-5D6C0D6DDCBB}.Debug|Any CPU.Build.0 = Debug|Any CPU
		{DF0028AC-076F-45A0-8029-5D6C0D6DDCBB}.Debug|x64.ActiveCfg = Debug|Any CPU
		{DF0028AC-076F-45A0-8029-5D6C0D6DDCBB}.Debug|x64.Build.0 = Debug|Any CPU
		{DF0028AC-076F-45A0-8029-5D6C0D6DDCBB}.Debug|x86.ActiveCfg = Debug|Any CPU
		{DF0028AC-076F-45A0-8029-5D6C0D6DDCBB}.Debug|x86.Build.0 = Debug|Any CPU
		{DF0028AC-076F-45A0-8029-5D6C0D6DDCBB}.Release|Any CPU.ActiveCfg = Release|Any CPU
		{DF0028AC-076F-45A0-8029-5D6C0D6DDCBB}.Release|Any CPU.Build.0 = Release|Any CPU
		{DF0028AC-076F-45A0-8029-5D6C0D6DDCBB}.Release|x64.ActiveCfg = Release|Any CPU
		{DF0028AC-076F-45A0-8029-5D6C0D6DDCBB}.Release|x64.Build.0 = Release|Any CPU
		{DF0028AC-076F-45A0-8029-5D6C0D6DDCBB}.Release|x86.ActiveCfg = Release|Any CPU
		{DF0028AC-076F-45A0-8029-5D6C0D6DDCBB}.Release|x86.Build.0 = Release|Any CPU
		{EA31B2F1-C3D4-4E56-89AB-CDEF01234567}.Debug|Any CPU.ActiveCfg = Debug|Any CPU
		{EA31B2F1-C3D4-4E56-89AB-CDEF01234567}.Debug|Any CPU.Build.0 = Debug|Any CPU
		{EA31B2F1-C3D4-4E56-89AB-CDEF01234567}.Debug|x64.ActiveCfg = Debug|Any CPU
		{EA31B2F1-C3D4-4E56-89AB-CDEF01234567}.Debug|x64.Build.0 = Debug|Any CPU
		{EA31B2F1-C3D4-4E56-89AB-CDEF01234567}.Debug|x86.ActiveCfg = Debug|Any CPU
		{EA31B2F1-C3D4-4E56-89AB-CDEF01234567}.Debug|x86.Build.0 = Debug|Any CPU
		{EA31B2F1-C3D4-4E56-89AB-CDEF01234567}.Release|Any CPU.ActiveCfg = Release|Any CPU
		{EA31B2F1-C3D4-4E56-89AB-CDEF01234567}.Release|Any CPU.Build.0 = Release|Any CPU
		{EA31B2F1-C3D4-4E56-89AB-CDEF01234567}.Release|x64.ActiveCfg = Release|Any CPU
		{EA31B2F1-C3D4-4E56-89AB-CDEF01234567}.Release|x64.Build.0 = Release|Any CPU
		{EA31B2F1-C3D4-4E56-89AB-CDEF01234567}.Release|x86.ActiveCfg = Release|Any CPU
		{EA31B2F1-C3D4-4E56-89AB-CDEF01234567}.Release|x86.Build.0 = Release|Any CPU
		{FB42C3D4-E5F6-4A57-9ABC-DEF012345678}.Debug|Any CPU.ActiveCfg = Debug|Any CPU
		{FB42C3D4-E5F6-4A57-9ABC-DEF012345678}.Debug|Any CPU.Build.0 = Debug|Any CPU
		{FB42C3D4-E5F6-4A57-9ABC-DEF012345678}.Debug|x64.ActiveCfg = Debug|Any CPU
		{FB42C3D4-E5F6-4A57-9ABC-DEF012345678}.Debug|x64.Build.0 = Debug|Any CPU
		{FB42C3D4-E5F6-4A57-9ABC-DEF012345678}.Debug|x86.ActiveCfg = Debug|Any CPU
		{FB42C3D4-E5F6-4A57-9ABC-DEF012345678}.Debug|x86.Build.0 = Debug|Any CPU
		{FB42C3D4-E5F6-4A57-9ABC-DEF012345678}.Release|Any CPU.ActiveCfg = Release|Any CPU
		{FB42C3D4-E5F6-4A57-9ABC-DEF012345678}.Release|Any CPU.Build.0 = Release|Any CPU
		{FB42C3D4-E5F6-4A57-9ABC-DEF012345678}.Release|x64.ActiveCfg = Release|Any CPU
		{FB42C3D4-E5F6-4A57-9ABC-DEF012345678}.Release|x64.Build.0 = Release|Any CPU
		{FB42C3D4-E5F6-4A57-9ABC-DEF012345678}.Release|x86.ActiveCfg = Release|Any CPU
		{FB42C3D4-E5F6-4A57-9ABC-DEF012345678}.Release|x86.Build.0 = Release|Any CPU
		{AC53D4E5-F6A7-4B58-9BCD-EF0123456789}.Debug|Any CPU.ActiveCfg = Debug|Any CPU
		{AC53D4E5-F6A7-4B58-9BCD-EF0123456789}.Debug|Any CPU.Build.0 = Debug|Any CPU
		{AC53D4E5-F6A7-4B58-9BCD-EF0123456789}.Debug|x64.ActiveCfg = Debug|Any CPU
		{AC53D4E5-F6A7-4B58-9BCD-EF0123456789}.Debug|x64.Build.0 = Debug|Any CPU
		{AC53D4E5-F6A7-4B58-9BCD-EF0123456789}.Debug|x86.ActiveCfg = Debug|Any CPU
		{AC53D4E5-F6A7-4B58-9BCD-EF0123456789}.Debug|x86.Build.0 = Debug|Any CPU
		{AC53D4E5-F6A7-4B58-9BCD-EF0123456789}.Release|Any CPU.ActiveCfg = Release|Any CPU
		{AC53D4E5-F6A7-4B58-9BCD-EF0123456789}.Release|Any CPU.Build.0 = Release|Any CPU
		{AC53D4E5-F6A7-4B58-9BCD-EF0123456789}.Release|x64.ActiveCfg = Release|Any CPU
		{AC53D4E5-F6A7-4B58-9BCD-EF0123456789}.Release|x64.Build.0 = Release|Any CPU
		{AC53D4E5-F6A7-4B58-9BCD-EF0123456789}.Release|x86.ActiveCfg = Release|Any CPU
		{AC53D4E5-F6A7-4B58-9BCD-EF0123456789}.Release|x86.Build.0 = Release|Any CPU
		{BD64E6F7-A8B9-4C69-9CDE-F01234567890}.Debug|Any CPU.ActiveCfg = Debug|Any CPU
		{BD64E6F7-A8B9-4C69-9CDE-F01234567890}.Debug|Any CPU.Build.0 = Debug|Any CPU
		{BD64E6F7-A8B9-4C69-9CDE-F01234567890}.Debug|x64.ActiveCfg = Debug|Any CPU
		{BD64E6F7-A8B9-4C69-9CDE-F01234567890}.Debug|x64.Build.0 = Debug|Any CPU
		{BD64E6F7-A8B9-4C69-9CDE-F01234567890}.Debug|x86.ActiveCfg = Debug|Any CPU
		{BD64E6F7-A8B9-4C69-9CDE-F01234567890}.Debug|x86.Build.0 = Debug|Any CPU
		{BD64E6F7-A8B9-4C69-9CDE-F01234567890}.Release|Any CPU.ActiveCfg = Release|Any CPU
		{BD64E6F7-A8B9-4C69-9CDE-F01234567890}.Release|Any CPU.Build.0 = Release|Any CPU
		{BD64E6F7-A8B9-4C69-9CDE-F01234567890}.Release|x64.ActiveCfg = Release|Any CPU
		{BD64E6F7-A8B9-4C69-9CDE-F01234567890}.Release|x64.Build.0 = Release|Any CPU
		{BD64E6F7-A8B9-4C69-9CDE-F01234567890}.Release|x86.ActiveCfg = Release|Any CPU
		{BD64E6F7-A8B9-4C69-9CDE-F01234567890}.Release|x86.Build.0 = Release|Any CPU
		{CE75F7A8-B9CA-4D7A-ADEF-012345678901}.Debug|Any CPU.ActiveCfg = Debug|Any CPU
		{CE75F7A8-B9CA-4D7A-ADEF-012345678901}.Debug|Any CPU.Build.0 = Debug|Any CPU
		{CE75F7A8-B9CA-4D7A-ADEF-012345678901}.Debug|x64.ActiveCfg = Debug|Any CPU
		{CE75F7A8-B9CA-4D7A-ADEF-012345678901}.Debug|x64.Build.0 = Debug|Any CPU
		{CE75F7A8-B9CA-4D7A-ADEF-012345678901}.Debug|x86.ActiveCfg = Debug|Any CPU
		{CE75F7A8-B9CA-4D7A-ADEF-012345678901}.Debug|x86.Build.0 = Debug|Any CPU
		{CE75F7A8-B9CA-4D7A-ADEF-012345678901}.Release|Any CPU.ActiveCfg = Release|Any CPU
		{CE75F7A8-B9CA-4D7A-ADEF-012345678901}.Release|Any CPU.Build.0 = Release|Any CPU
		{CE75F7A8-B9CA-4D7A-ADEF-012345678901}.Release|x64.ActiveCfg = Release|Any CPU
		{CE75F7A8-B9CA-4D7A-ADEF-012345678901}.Release|x64.Build.0 = Release|Any CPU
		{CE75F7A8-B9CA-4D7A-ADEF-012345678901}.Release|x86.ActiveCfg = Release|Any CPU
		{CE75F7A8-B9CA-4D7A-ADEF-012345678901}.Release|x86.Build.0 = Release|Any CPU
		{04E2527C-D27F-448D-9EDA-6FA7192084F5}.Debug|Any CPU.ActiveCfg = Debug|Any CPU
		{04E2527C-D27F-448D-9EDA-6FA7192084F5}.Debug|Any CPU.Build.0 = Debug|Any CPU
		{04E2527C-D27F-448D-9EDA-6FA7192084F5}.Debug|x64.ActiveCfg = Debug|Any CPU
		{04E2527C-D27F-448D-9EDA-6FA7192084F5}.Debug|x64.Build.0 = Debug|Any CPU
		{04E2527C-D27F-448D-9EDA-6FA7192084F5}.Debug|x86.ActiveCfg = Debug|Any CPU
		{04E2527C-D27F-448D-9EDA-6FA7192084F5}.Debug|x86.Build.0 = Debug|Any CPU
		{04E2527C-D27F-448D-9EDA-6FA7192084F5}.Release|Any CPU.ActiveCfg = Release|Any CPU
		{04E2527C-D27F-448D-9EDA-6FA7192084F5}.Release|Any CPU.Build.0 = Release|Any CPU
		{04E2527C-D27F-448D-9EDA-6FA7192084F5}.Release|x64.ActiveCfg = Release|Any CPU
		{04E2527C-D27F-448D-9EDA-6FA7192084F5}.Release|x64.Build.0 = Release|Any CPU
		{04E2527C-D27F-448D-9EDA-6FA7192084F5}.Release|x86.ActiveCfg = Release|Any CPU
		{04E2527C-D27F-448D-9EDA-6FA7192084F5}.Release|x86.Build.0 = Release|Any CPU
		{57E4C101-074C-4542-8273-684E8106CCF4}.Debug|Any CPU.ActiveCfg = Debug|Any CPU
		{57E4C101-074C-4542-8273-684E8106CCF4}.Debug|Any CPU.Build.0 = Debug|Any CPU
		{57E4C101-074C-4542-8273-684E8106CCF4}.Debug|x64.ActiveCfg = Debug|Any CPU
		{57E4C101-074C-4542-8273-684E8106CCF4}.Debug|x64.Build.0 = Debug|Any CPU
		{57E4C101-074C-4542-8273-684E8106CCF4}.Debug|x86.ActiveCfg = Debug|Any CPU
		{57E4C101-074C-4542-8273-684E8106CCF4}.Debug|x86.Build.0 = Debug|Any CPU
		{57E4C101-074C-4542-8273-684E8106CCF4}.Release|Any CPU.ActiveCfg = Release|Any CPU
		{57E4C101-074C-4542-8273-684E8106CCF4}.Release|Any CPU.Build.0 = Release|Any CPU
		{57E4C101-074C-4542-8273-684E8106CCF4}.Release|x64.ActiveCfg = Release|Any CPU
		{57E4C101-074C-4542-8273-684E8106CCF4}.Release|x64.Build.0 = Release|Any CPU
		{57E4C101-074C-4542-8273-684E8106CCF4}.Release|x86.ActiveCfg = Release|Any CPU
		{57E4C101-074C-4542-8273-684E8106CCF4}.Release|x86.Build.0 = Release|Any CPU
		{A8B9C0D1-E2F3-4567-8901-234567890ABC}.Debug|Any CPU.ActiveCfg = Debug|Any CPU
		{A8B9C0D1-E2F3-4567-8901-234567890ABC}.Debug|Any CPU.Build.0 = Debug|Any CPU
		{A8B9C0D1-E2F3-4567-8901-234567890ABC}.Debug|x64.ActiveCfg = Debug|Any CPU
		{A8B9C0D1-E2F3-4567-8901-234567890ABC}.Debug|x64.Build.0 = Debug|Any CPU
		{A8B9C0D1-E2F3-4567-8901-234567890ABC}.Debug|x86.ActiveCfg = Debug|Any CPU
		{A8B9C0D1-E2F3-4567-8901-234567890ABC}.Debug|x86.Build.0 = Debug|Any CPU
		{A8B9C0D1-E2F3-4567-8901-234567890ABC}.Release|Any CPU.ActiveCfg = Release|Any CPU
		{A8B9C0D1-E2F3-4567-8901-234567890ABC}.Release|Any CPU.Build.0 = Release|Any CPU
		{A8B9C0D1-E2F3-4567-8901-234567890ABC}.Release|x64.ActiveCfg = Release|Any CPU
		{A8B9C0D1-E2F3-4567-8901-234567890ABC}.Release|x64.Build.0 = Release|Any CPU
		{A8B9C0D1-E2F3-4567-8901-234567890ABC}.Release|x86.ActiveCfg = Release|Any CPU
		{A8B9C0D1-E2F3-4567-8901-234567890ABC}.Release|x86.Build.0 = Release|Any CPU
		{B9C0D1E2-F3A4-5678-9012-345678901BCD}.Debug|Any CPU.ActiveCfg = Debug|Any CPU
		{B9C0D1E2-F3A4-5678-9012-345678901BCD}.Debug|Any CPU.Build.0 = Debug|Any CPU
		{B9C0D1E2-F3A4-5678-9012-345678901BCD}.Debug|x64.ActiveCfg = Debug|Any CPU
		{B9C0D1E2-F3A4-5678-9012-345678901BCD}.Debug|x64.Build.0 = Debug|Any CPU
		{B9C0D1E2-F3A4-5678-9012-345678901BCD}.Debug|x86.ActiveCfg = Debug|Any CPU
		{B9C0D1E2-F3A4-5678-9012-345678901BCD}.Debug|x86.Build.0 = Debug|Any CPU
		{B9C0D1E2-F3A4-5678-9012-345678901BCD}.Release|Any CPU.ActiveCfg = Release|Any CPU
		{B9C0D1E2-F3A4-5678-9012-345678901BCD}.Release|Any CPU.Build.0 = Release|Any CPU
		{B9C0D1E2-F3A4-5678-9012-345678901BCD}.Release|x64.ActiveCfg = Release|Any CPU
		{B9C0D1E2-F3A4-5678-9012-345678901BCD}.Release|x64.Build.0 = Release|Any CPU
		{B9C0D1E2-F3A4-5678-9012-345678901BCD}.Release|x86.ActiveCfg = Release|Any CPU
		{B9C0D1E2-F3A4-5678-9012-345678901BCD}.Release|x86.Build.0 = Release|Any CPU
		{CA1B2C3D-4E5F-6789-0ABC-DEF012345678}.Debug|Any CPU.ActiveCfg = Debug|Any CPU
		{CA1B2C3D-4E5F-6789-0ABC-DEF012345678}.Debug|Any CPU.Build.0 = Debug|Any CPU
		{CA1B2C3D-4E5F-6789-0ABC-DEF012345678}.Debug|x64.ActiveCfg = Debug|Any CPU
		{CA1B2C3D-4E5F-6789-0ABC-DEF012345678}.Debug|x64.Build.0 = Debug|Any CPU
		{CA1B2C3D-4E5F-6789-0ABC-DEF012345678}.Debug|x86.ActiveCfg = Debug|Any CPU
		{CA1B2C3D-4E5F-6789-0ABC-DEF012345678}.Debug|x86.Build.0 = Debug|Any CPU
		{CA1B2C3D-4E5F-6789-0ABC-DEF012345678}.Release|Any CPU.ActiveCfg = Release|Any CPU
		{CA1B2C3D-4E5F-6789-0ABC-DEF012345678}.Release|Any CPU.Build.0 = Release|Any CPU
		{CA1B2C3D-4E5F-6789-0ABC-DEF012345678}.Release|x64.ActiveCfg = Release|Any CPU
		{CA1B2C3D-4E5F-6789-0ABC-DEF012345678}.Release|x64.Build.0 = Release|Any CPU
		{CA1B2C3D-4E5F-6789-0ABC-DEF012345678}.Release|x86.ActiveCfg = Release|Any CPU
		{CA1B2C3D-4E5F-6789-0ABC-DEF012345678}.Release|x86.Build.0 = Release|Any CPU
		{DB2C3D4E-5F6A-7890-1BCD-EF0123456789}.Debug|Any CPU.ActiveCfg = Debug|Any CPU
		{DB2C3D4E-5F6A-7890-1BCD-EF0123456789}.Debug|Any CPU.Build.0 = Debug|Any CPU
		{DB2C3D4E-5F6A-7890-1BCD-EF0123456789}.Debug|x64.ActiveCfg = Debug|Any CPU
		{DB2C3D4E-5F6A-7890-1BCD-EF0123456789}.Debug|x64.Build.0 = Debug|Any CPU
		{DB2C3D4E-5F6A-7890-1BCD-EF0123456789}.Debug|x86.ActiveCfg = Debug|Any CPU
		{DB2C3D4E-5F6A-7890-1BCD-EF0123456789}.Debug|x86.Build.0 = Debug|Any CPU
		{DB2C3D4E-5F6A-7890-1BCD-EF0123456789}.Release|Any CPU.ActiveCfg = Release|Any CPU
		{DB2C3D4E-5F6A-7890-1BCD-EF0123456789}.Release|Any CPU.Build.0 = Release|Any CPU
		{DB2C3D4E-5F6A-7890-1BCD-EF0123456789}.Release|x64.ActiveCfg = Release|Any CPU
		{DB2C3D4E-5F6A-7890-1BCD-EF0123456789}.Release|x64.Build.0 = Release|Any CPU
		{DB2C3D4E-5F6A-7890-1BCD-EF0123456789}.Release|x86.ActiveCfg = Release|Any CPU
		{DB2C3D4E-5F6A-7890-1BCD-EF0123456789}.Release|x86.Build.0 = Release|Any CPU
		{EC3D4E5F-6A7B-8901-2CDE-F01234567890}.Debug|Any CPU.ActiveCfg = Debug|Any CPU
		{EC3D4E5F-6A7B-8901-2CDE-F01234567890}.Debug|Any CPU.Build.0 = Debug|Any CPU
		{EC3D4E5F-6A7B-8901-2CDE-F01234567890}.Debug|x64.ActiveCfg = Debug|Any CPU
		{EC3D4E5F-6A7B-8901-2CDE-F01234567890}.Debug|x64.Build.0 = Debug|Any CPU
		{EC3D4E5F-6A7B-8901-2CDE-F01234567890}.Debug|x86.ActiveCfg = Debug|Any CPU
		{EC3D4E5F-6A7B-8901-2CDE-F01234567890}.Debug|x86.Build.0 = Debug|Any CPU
		{EC3D4E5F-6A7B-8901-2CDE-F01234567890}.Release|Any CPU.ActiveCfg = Release|Any CPU
		{EC3D4E5F-6A7B-8901-2CDE-F01234567890}.Release|Any CPU.Build.0 = Release|Any CPU
		{EC3D4E5F-6A7B-8901-2CDE-F01234567890}.Release|x64.ActiveCfg = Release|Any CPU
		{EC3D4E5F-6A7B-8901-2CDE-F01234567890}.Release|x64.Build.0 = Release|Any CPU
		{EC3D4E5F-6A7B-8901-2CDE-F01234567890}.Release|x86.ActiveCfg = Release|Any CPU
		{EC3D4E5F-6A7B-8901-2CDE-F01234567890}.Release|x86.Build.0 = Release|Any CPU
		{FD4E5F60-7B8C-9012-3DEF-012345678901}.Debug|Any CPU.ActiveCfg = Debug|Any CPU
		{FD4E5F60-7B8C-9012-3DEF-012345678901}.Debug|Any CPU.Build.0 = Debug|Any CPU
		{FD4E5F60-7B8C-9012-3DEF-012345678901}.Debug|x64.ActiveCfg = Debug|Any CPU
		{FD4E5F60-7B8C-9012-3DEF-012345678901}.Debug|x64.Build.0 = Debug|Any CPU
		{FD4E5F60-7B8C-9012-3DEF-012345678901}.Debug|x86.ActiveCfg = Debug|Any CPU
		{FD4E5F60-7B8C-9012-3DEF-012345678901}.Debug|x86.Build.0 = Debug|Any CPU
		{FD4E5F60-7B8C-9012-3DEF-012345678901}.Release|Any CPU.ActiveCfg = Release|Any CPU
		{FD4E5F60-7B8C-9012-3DEF-012345678901}.Release|Any CPU.Build.0 = Release|Any CPU
		{FD4E5F60-7B8C-9012-3DEF-012345678901}.Release|x64.ActiveCfg = Release|Any CPU
		{FD4E5F60-7B8C-9012-3DEF-012345678901}.Release|x64.Build.0 = Release|Any CPU
		{FD4E5F60-7B8C-9012-3DEF-012345678901}.Release|x86.ActiveCfg = Release|Any CPU
		{FD4E5F60-7B8C-9012-3DEF-012345678901}.Release|x86.Build.0 = Release|Any CPU
		{AE5F6071-8C9D-0123-4EF0-123456789012}.Debug|Any CPU.ActiveCfg = Debug|Any CPU
		{AE5F6071-8C9D-0123-4EF0-123456789012}.Debug|Any CPU.Build.0 = Debug|Any CPU
		{AE5F6071-8C9D-0123-4EF0-123456789012}.Debug|x64.ActiveCfg = Debug|Any CPU
		{AE5F6071-8C9D-0123-4EF0-123456789012}.Debug|x64.Build.0 = Debug|Any CPU
		{AE5F6071-8C9D-0123-4EF0-123456789012}.Debug|x86.ActiveCfg = Debug|Any CPU
		{AE5F6071-8C9D-0123-4EF0-123456789012}.Debug|x86.Build.0 = Debug|Any CPU
		{AE5F6071-8C9D-0123-4EF0-123456789012}.Release|Any CPU.ActiveCfg = Release|Any CPU
		{AE5F6071-8C9D-0123-4EF0-123456789012}.Release|Any CPU.Build.0 = Release|Any CPU
		{AE5F6071-8C9D-0123-4EF0-123456789012}.Release|x64.ActiveCfg = Release|Any CPU
		{AE5F6071-8C9D-0123-4EF0-123456789012}.Release|x64.Build.0 = Release|Any CPU
		{AE5F6071-8C9D-0123-4EF0-123456789012}.Release|x86.ActiveCfg = Release|Any CPU
		{AE5F6071-8C9D-0123-4EF0-123456789012}.Release|x86.Build.0 = Release|Any CPU
		{BF607182-9DAE-1234-5F01-234567890123}.Debug|Any CPU.ActiveCfg = Debug|Any CPU
		{BF607182-9DAE-1234-5F01-234567890123}.Debug|Any CPU.Build.0 = Debug|Any CPU
		{BF607182-9DAE-1234-5F01-234567890123}.Debug|x64.ActiveCfg = Debug|Any CPU
		{BF607182-9DAE-1234-5F01-234567890123}.Debug|x64.Build.0 = Debug|Any CPU
		{BF607182-9DAE-1234-5F01-234567890123}.Debug|x86.ActiveCfg = Debug|Any CPU
		{BF607182-9DAE-1234-5F01-234567890123}.Debug|x86.Build.0 = Debug|Any CPU
		{BF607182-9DAE-1234-5F01-234567890123}.Release|Any CPU.ActiveCfg = Release|Any CPU
		{BF607182-9DAE-1234-5F01-234567890123}.Release|Any CPU.Build.0 = Release|Any CPU
		{BF607182-9DAE-1234-5F01-234567890123}.Release|x64.ActiveCfg = Release|Any CPU
		{BF607182-9DAE-1234-5F01-234567890123}.Release|x64.Build.0 = Release|Any CPU
		{BF607182-9DAE-1234-5F01-234567890123}.Release|x86.ActiveCfg = Release|Any CPU
		{BF607182-9DAE-1234-5F01-234567890123}.Release|x86.Build.0 = Release|Any CPU
		{CF718293-AEBF-2345-6012-345678901234}.Debug|Any CPU.ActiveCfg = Debug|Any CPU
		{CF718293-AEBF-2345-6012-345678901234}.Debug|Any CPU.Build.0 = Debug|Any CPU
		{CF718293-AEBF-2345-6012-345678901234}.Debug|x64.ActiveCfg = Debug|Any CPU
		{CF718293-AEBF-2345-6012-345678901234}.Debug|x64.Build.0 = Debug|Any CPU
		{CF718293-AEBF-2345-6012-345678901234}.Debug|x86.ActiveCfg = Debug|Any CPU
		{CF718293-AEBF-2345-6012-345678901234}.Debug|x86.Build.0 = Debug|Any CPU
		{CF718293-AEBF-2345-6012-345678901234}.Release|Any CPU.ActiveCfg = Release|Any CPU
		{CF718293-AEBF-2345-6012-345678901234}.Release|Any CPU.Build.0 = Release|Any CPU
		{CF718293-AEBF-2345-6012-345678901234}.Release|x64.ActiveCfg = Release|Any CPU
		{CF718293-AEBF-2345-6012-345678901234}.Release|x64.Build.0 = Release|Any CPU
		{CF718293-AEBF-2345-6012-345678901234}.Release|x86.ActiveCfg = Release|Any CPU
		{CF718293-AEBF-2345-6012-345678901234}.Release|x86.Build.0 = Release|Any CPU
		{D07193A4-BFC0-2456-7123-456789012345}.Debug|Any CPU.ActiveCfg = Debug|Any CPU
		{D07193A4-BFC0-2456-7123-456789012345}.Debug|Any CPU.Build.0 = Debug|Any CPU
		{D07193A4-BFC0-2456-7123-456789012345}.Debug|x64.ActiveCfg = Debug|Any CPU
		{D07193A4-BFC0-2456-7123-456789012345}.Debug|x64.Build.0 = Debug|Any CPU
		{D07193A4-BFC0-2456-7123-456789012345}.Debug|x86.ActiveCfg = Debug|Any CPU
		{D07193A4-BFC0-2456-7123-456789012345}.Debug|x86.Build.0 = Debug|Any CPU
		{D07193A4-BFC0-2456-7123-456789012345}.Release|Any CPU.ActiveCfg = Release|Any CPU
		{D07193A4-BFC0-2456-7123-456789012345}.Release|Any CPU.Build.0 = Release|Any CPU
		{D07193A4-BFC0-2456-7123-456789012345}.Release|x64.ActiveCfg = Release|Any CPU
		{D07193A4-BFC0-2456-7123-456789012345}.Release|x64.Build.0 = Release|Any CPU
		{D07193A4-BFC0-2456-7123-456789012345}.Release|x86.ActiveCfg = Release|Any CPU
		{D07193A4-BFC0-2456-7123-456789012345}.Release|x86.Build.0 = Release|Any CPU
		{E18204B5-C0D1-3567-8234-567890123456}.Debug|Any CPU.ActiveCfg = Debug|Any CPU
		{E18204B5-C0D1-3567-8234-567890123456}.Debug|Any CPU.Build.0 = Debug|Any CPU
		{E18204B5-C0D1-3567-8234-567890123456}.Debug|x64.ActiveCfg = Debug|Any CPU
		{E18204B5-C0D1-3567-8234-567890123456}.Debug|x64.Build.0 = Debug|Any CPU
		{E18204B5-C0D1-3567-8234-567890123456}.Debug|x86.ActiveCfg = Debug|Any CPU
		{E18204B5-C0D1-3567-8234-567890123456}.Debug|x86.Build.0 = Debug|Any CPU
		{E18204B5-C0D1-3567-8234-567890123456}.Release|Any CPU.ActiveCfg = Release|Any CPU
		{E18204B5-C0D1-3567-8234-567890123456}.Release|Any CPU.Build.0 = Release|Any CPU
		{E18204B5-C0D1-3567-8234-567890123456}.Release|x64.ActiveCfg = Release|Any CPU
		{E18204B5-C0D1-3567-8234-567890123456}.Release|x64.Build.0 = Release|Any CPU
		{E18204B5-C0D1-3567-8234-567890123456}.Release|x86.ActiveCfg = Release|Any CPU
		{E18204B5-C0D1-3567-8234-567890123456}.Release|x86.Build.0 = Release|Any CPU
		{F29315C6-D1E2-4678-9345-678901234567}.Debug|Any CPU.ActiveCfg = Debug|Any CPU
		{F29315C6-D1E2-4678-9345-678901234567}.Debug|Any CPU.Build.0 = Debug|Any CPU
		{F29315C6-D1E2-4678-9345-678901234567}.Debug|x64.ActiveCfg = Debug|Any CPU
		{F29315C6-D1E2-4678-9345-678901234567}.Debug|x64.Build.0 = Debug|Any CPU
		{F29315C6-D1E2-4678-9345-678901234567}.Debug|x86.ActiveCfg = Debug|Any CPU
		{F29315C6-D1E2-4678-9345-678901234567}.Debug|x86.Build.0 = Debug|Any CPU
		{F29315C6-D1E2-4678-9345-678901234567}.Release|Any CPU.ActiveCfg = Release|Any CPU
		{F29315C6-D1E2-4678-9345-678901234567}.Release|Any CPU.Build.0 = Release|Any CPU
		{F29315C6-D1E2-4678-9345-678901234567}.Release|x64.ActiveCfg = Release|Any CPU
		{F29315C6-D1E2-4678-9345-678901234567}.Release|x64.Build.0 = Release|Any CPU
		{F29315C6-D1E2-4678-9345-678901234567}.Release|x86.ActiveCfg = Release|Any CPU
		{F29315C6-D1E2-4678-9345-678901234567}.Release|x86.Build.0 = Release|Any CPU
	EndGlobalSection
	GlobalSection(SolutionProperties) = preSolution
		HideSolutionNode = FALSE
	EndGlobalSection
	GlobalSection(NestedProjects) = preSolution
		{A1B2C3D4-E5F6-7890-ABCD-EF1234567890} = {D0E1F2A3-B4C5-6789-3456-890123456789}
		{B2C3D4E5-F6A7-8901-BCDE-F12345678901} = {D0E1F2A3-B4C5-6789-3456-890123456789}
		{C3D4E5F6-A7B8-9012-CDEF-123456789012} = {F2A3B4C5-D6E7-8901-5678-012345678901}
		{D4E5F6A7-B8C9-0123-DEF0-234567890123} = {F2A3B4C5-D6E7-8901-5678-012345678901}
		{E5F6A7B8-C9D0-1234-EF01-345678901234} = {F2A3B4C5-D6E7-8901-5678-012345678901}
		{F6A7B8C9-D0E1-2345-F012-456789012345} = {F2A3B4C5-D6E7-8901-5678-012345678901}
		{1A2B3C4D-5E6F-7890-ABCD-EF0123456789} = {F2A3B4C5-D6E7-8901-5678-012345678901}
		{2B3C4D5E-6F7A-8901-BCDE-F01234567890} = {F2A3B4C5-D6E7-8901-5678-012345678901}
		{3C4D5E6F-7A8B-9012-CDEF-012345678901} = {F2A3B4C5-D6E7-8901-5678-012345678901}
		{4D5E6F7A-8B9C-0123-DEF0-123456789012} = {F2A3B4C5-D6E7-8901-5678-012345678901}
		{5E6F7A8B-9C0D-1234-EF01-234567890123} = {F2A3B4C5-D6E7-8901-5678-012345678901}
		{6F7A8B9C-0D1E-2345-F012-345678901234} = {F2A3B4C5-D6E7-8901-5678-012345678901}
		{A7B8C9D0-E1F2-3456-0123-567890123456} = {E1F2A3B4-C5D6-7890-4567-901234567890}
		{B8C9D0E1-F2A3-4567-1234-678901234567} = {E1F2A3B4-C5D6-7890-4567-901234567890}
		{C9D0E1F2-A3B4-5678-2345-789012345678} = {E1F2A3B4-C5D6-7890-4567-901234567890}
		{F2A3B4C5-D6E7-8901-5678-012345678901} = {D0E1F2A3-B4C5-6789-3456-890123456789}
		{DF0028AC-076F-45A0-8029-5D6C0D6DDCBB} = {F2A3B4C5-D6E7-8901-5678-012345678901}
		{EA31B2F1-C3D4-4E56-89AB-CDEF01234567} = {F2A3B4C5-D6E7-8901-5678-012345678901}
		{FB42C3D4-E5F6-4A57-9ABC-DEF012345678} = {F2A3B4C5-D6E7-8901-5678-012345678901}
		{AC53D4E5-F6A7-4B58-9BCD-EF0123456789} = {F2A3B4C5-D6E7-8901-5678-012345678901}
		{BD64E6F7-A8B9-4C69-9CDE-F01234567890} = {F2A3B4C5-D6E7-8901-5678-012345678901}
		{CE75F7A8-B9CA-4D7A-ADEF-012345678901} = {F2A3B4C5-D6E7-8901-5678-012345678901}
		{57E4C101-074C-4542-8273-684E8106CCF4} = {F2A3B4C5-D6E7-8901-5678-012345678901}
		{A8B9C0D1-E2F3-4567-8901-234567890ABC} = {F2A3B4C5-D6E7-8901-5678-012345678901}
		{B9C0D1E2-F3A4-5678-9012-345678901BCD} = {F2A3B4C5-D6E7-8901-5678-012345678901}
		{CA1B2C3D-4E5F-6789-0ABC-DEF012345678} = {F2A3B4C5-D6E7-8901-5678-012345678901}
		{DB2C3D4E-5F6A-7890-1BCD-EF0123456789} = {F2A3B4C5-D6E7-8901-5678-012345678901}
		{EC3D4E5F-6A7B-8901-2CDE-F01234567890} = {F2A3B4C5-D6E7-8901-5678-012345678901}
		{FD4E5F60-7B8C-9012-3DEF-012345678901} = {F2A3B4C5-D6E7-8901-5678-012345678901}
		{AE5F6071-8C9D-0123-4EF0-123456789012} = {F2A3B4C5-D6E7-8901-5678-012345678901}
		{BF607182-9DAE-1234-5F01-234567890123} = {F2A3B4C5-D6E7-8901-5678-012345678901}
		{D07193A4-BFC0-2456-7123-456789012345} = {F2A3B4C5-D6E7-8901-5678-012345678901}
		{E18204B5-C0D1-3567-8234-567890123456} = {F2A3B4C5-D6E7-8901-5678-012345678901}
	EndGlobalSection
EndGlobal
